
Microsoft Visual Studio Solution File, Format Version 12.00
# Visual Studio Version 17
VisualStudioVersion = 17.14.36518.9
MinimumVisualStudioVersion = 10.0.40219.1
Project("{FAE04EC0-301F-11D3-BF4B-00C04F79EFBC}") = "Simulator", "Simulator\Simulator.csproj", "{650ACB20-0BE1-45A8-91FD-3575C7BA6146}"
EndProject
Project("{FAE04EC0-301F-11D3-BF4B-00C04F79EFBC}") = "Runner", "Runner\Runner.csproj", "{87391278-5989-4319-B57F-092FDCF62396}"
EndProject
Project("{FAE04EC0-301F-11D3-BF4B-00C04F79EFBC}") = "TestSimulator", "TestSimulator\TestSimulator.csproj", "{FF9F7825-BEB6-45AD-94EB-BF1B27EB05B0}"
EndProject
Project("{FAE04EC0-301F-11D3-BF4B-00C04F79EFBC}") = "SimConsole", "SimConsole\SimConsole.csproj", "{65615B70-EF10-4A11-B3DB-B78B3D9810F4}"
EndProject
Project("{FAE04EC0-301F-11D3-BF4B-00C04F79EFBC}") = "WebSim", "WebSim\WebSim.csproj", "{5B9C663F-C872-CFAA-002D-C34C1375664A}"
EndProject
Global
	GlobalSection(SolutionConfigurationPlatforms) = preSolution
		Debug|Any CPU = Debug|Any CPU
		Release|Any CPU = Release|Any CPU
	EndGlobalSection
	GlobalSection(ProjectConfigurationPlatforms) = postSolution
		{650ACB20-0BE1-45A8-91FD-3575C7BA6146}.Debug|Any CPU.ActiveCfg = Debug|Any CPU
		{650ACB20-0BE1-45A8-91FD-3575C7BA6146}.Debug|Any CPU.Build.0 = Debug|Any CPU
		{650ACB20-0BE1-45A8-91FD-3575C7BA6146}.Release|Any CPU.ActiveCfg = Release|Any CPU
		{650ACB20-0BE1-45A8-91FD-3575C7BA6146}.Release|Any CPU.Build.0 = Release|Any CPU
		{87391278-5989-4319-B57F-092FDCF62396}.Debug|Any CPU.ActiveCfg = Debug|Any CPU
		{87391278-5989-4319-B57F-092FDCF62396}.Debug|Any CPU.Build.0 = Debug|Any CPU
		{87391278-5989-4319-B57F-092FDCF62396}.Release|Any CPU.ActiveCfg = Release|Any CPU
		{87391278-5989-4319-B57F-092FDCF62396}.Release|Any CPU.Build.0 = Release|Any CPU
		{FF9F7825-BEB6-45AD-94EB-BF1B27EB05B0}.Debug|Any CPU.ActiveCfg = Debug|Any CPU
		{FF9F7825-BEB6-45AD-94EB-BF1B27EB05B0}.Debug|Any CPU.Build.0 = Debug|Any CPU
		{FF9F7825-BEB6-45AD-94EB-BF1B27EB05B0}.Release|Any CPU.ActiveCfg = Release|Any CPU
		{FF9F7825-BEB6-45AD-94EB-BF1B27EB05B0}.Release|Any CPU.Build.0 = Release|Any CPU
		{65615B70-EF10-4A11-B3DB-B78B3D9810F4}.Debug|Any CPU.ActiveCfg = Debug|Any CPU
		{65615B70-EF10-4A11-B3DB-B78B3D9810F4}.Debug|Any CPU.Build.0 = Debug|Any CPU
		{65615B70-EF10-4A11-B3DB-B78B3D9810F4}.Release|Any CPU.ActiveCfg = Release|Any CPU
		{65615B70-EF10-4A11-B3DB-B78B3D9810F4}.Release|Any CPU.Build.0 = Release|Any CPU
		{5B9C663F-C872-CFAA-002D-C34C1375664A}.Debug|Any CPU.ActiveCfg = Debug|Any CPU
		{5B9C663F-C872-CFAA-002D-C34C1375664A}.Debug|Any CPU.Build.0 = Debug|Any CPU
		{5B9C663F-C872-CFAA-002D-C34C1375664A}.Release|Any CPU.ActiveCfg = Release|Any CPU
		{5B9C663F-C872-CFAA-002D-C34C1375664A}.Release|Any CPU.Build.0 = Release|Any CPU
	EndGlobalSection
	GlobalSection(SolutionProperties) = preSolution
		HideSolutionNode = FALSE
	EndGlobalSection
	GlobalSection(ExtensibilityGlobals) = postSolution
		SolutionGuid = {1C4CF3C1-E826-4FC5-97F0-FD07C0230D19}
	EndGlobalSection
EndGlobal
